{
  "lockfileVersion": 1,
  "configVersion": 1,
  "workspaces": {
    "": {
      "name": "nyaa-sia",
      "dependencies": {
        "@types/bun": "^1.3.12",
        "@xsai/generate-text": "^0.5.0-beta.2",
        "cheerio": "^1.0.0-rc.12",
        "commander": "^14.0.3",
        "dotenv": "^16.4.0",
        "xsai": "^0.5.0-beta.2",
      },
      "devDependencies": {
        "@types/node": "^20.14.0",
        "happy-dom": "^14.12.0",
        "typescript": "^5.5.0",
      },
    },
  },
  "packages": {
    "@types/bun": ["@types/bun@1.3.12", "", { "dependencies": { "bun-types": "1.3.12" } }, "sha512-DBv81elK+/VSwXHDlnH3Qduw+KxkTIWi7TXkAeh24zpi5l0B2kUg9Ga3tb4nJaPcOFswflgi/yAvMVBPrxMB+A=="],

    "@types/node": ["@types/node@20.19.39", "", { "dependencies": { "undici-types": "~6.21.0" } }, "sha512-orrrD74MBUyK8jOAD/r0+lfa1I2MO6I+vAkmAWzMYbCcgrN4lCrmK52gRFQq/JRxfYPfonkr4b0jcY7Olqdqbw=="],

    "@xsai/embed": ["@xsai/embed@0.5.0-beta.2", "", { "dependencies": { "@xsai/shared": "~0.5.0-beta.2" } }, "sha512-z2Yfi0TEjzYElWkr61PTsBn13QtPFtBW46+WAOBFdFGhtcpzH7cGpLlbmr+vAosZm6bRdarZF9VqKq9ccp72UA=="],

    "@xsai/generate-image": ["@xsai/generate-image@0.5.0-beta.2", "", { "dependencies": { "@xsai/shared": "~0.5.0-beta.2" } }, "sha512-XCbtYucMPjb3fA/+lm6Bdw/xzHogw+glhC7GBgMYhvKQClzAInbcSoSNxGK5GBbF/cy31dVKsfDkqTPz3jRMzA=="],

    "@xsai/generate-object": ["@xsai/generate-object@0.5.0-beta.2", "", { "dependencies": { "@xsai/generate-text": "~0.5.0-beta.2", "xsschema": "~0.5.0-beta.2" } }, "sha512-42ePCTDQrQkKfJk1dclWJZL+Q4xchPwDWJFKaua39O6W//QozJ4oR6nMfyABE3RM3//5vFBddByI6Gz74WzC7g=="],

    "@xsai/generate-speech": ["@xsai/generate-speech@0.5.0-beta.2", "", { "dependencies": { "@xsai/shared": "~0.5.0-beta.2" } }, "sha512-MWVEQJXiwHeVwkF/8ycCNAyRIdGrpqRmeC0LhD0OACla/Bt+AIAnEZsOU7D+OxFrigKqWG1NwH+4Wh1xLhnT1Q=="],

    "@xsai/generate-text": ["@xsai/generate-text@0.5.0-beta.2", "", { "dependencies": { "@xsai/shared": "~0.5.0-beta.2", "@xsai/shared-chat": "~0.5.0-beta.2" } }, "sha512-E2yq0mUWtnYNM7JGSd1UbcqQEX57xoND9pCivQVWbyXDwkEEwCgI3pezBqQYwNQlNWd2mtwVZukYXvFfo43+aw=="],

    "@xsai/generate-transcription": ["@xsai/generate-transcription@0.5.0-beta.2", "", { "dependencies": { "@xsai/shared": "~0.5.0-beta.2" } }, "sha512-ykeh409PVp6qzAwpUocRinbYmQdF6/6O2dvhH39A7cnYF5P1bLTfrqeYKQTj8GJLK6TW6ODsnfW1Qq7Jxqz5Dg=="],

    "@xsai/model": ["@xsai/model@0.5.0-beta.2", "", { "dependencies": { "@xsai/shared": "~0.5.0-beta.2" } }, "sha512-FN2AUGGAWTw7XUDf6y1JrcmTRbC8J3FQSE2Sy9HS/pKzEUohBRyiZGc6IEpYzfIE8ShdIa/d5jA070SF8CuZWw=="],

    "@xsai/shared": ["@xsai/shared@0.5.0-beta.2", "", {}, "sha512-4Ljo+yBor8ASBrMT5hRd6vjLlkKVLVvzOVMrdUlxvLVZuMZy7Gcttz17qp/ErqRGX9xkx10UqC0GOce7FpNyzQ=="],

    "@xsai/shared-chat": ["@xsai/shared-chat@0.5.0-beta.2", "", { "dependencies": { "@xsai/shared": "~0.5.0-beta.2" } }, "sha512-PyJh49To2+GuY2sVeiVZEs7UF648RYOFZo4jD+qvxX6y/iafLsMtbXnQr3LFt9qcMqqPaQ1Yu2ABsNR+Cr3mAQ=="],

    "@xsai/shared-stream": ["@xsai/shared-stream@0.5.0-beta.2", "", { "dependencies": { "@xsai/shared": "~0.5.0-beta.2" } }, "sha512-oEmUNpEBx4CBxmFxnN7Btge/9GcON8KTI/Pl6QuT9pjCpK4g0nAG2dddX0BTZCbyMdlDd1ipdnr5Kmh/Yf2JuQ=="],

    "@xsai/stream-object": ["@xsai/stream-object@0.5.0-beta.2", "", { "dependencies": { "@xsai/stream-text": "~0.5.0-beta.2", "xsschema": "~0.5.0-beta.2" } }, "sha512-qjuWe8A6NHdSq/Gw7cCyExl/itCO+myReIIqf9b4gqx/elN7ZwYYNznAWvCXldavCcbLerFwAsvvFUeb4dP5tQ=="],

    "@xsai/stream-text": ["@xsai/stream-text@0.5.0-beta.2", "", { "dependencies": { "@xsai/shared": "~0.5.0-beta.2", "@xsai/shared-chat": "~0.5.0-beta.2", "@xsai/shared-stream": "~0.5.0-beta.2" } }, "sha512-Qm8zlmmlaxm++H/REyER7T9kftOlnNy4TbVIiTye8TEwVwfJrf3PQ32aS2TKbaW+CThgZarNMj+V4E9+YloyeA=="],

    "@xsai/stream-transcription": ["@xsai/stream-transcription@0.5.0-beta.2", "", { "dependencies": { "@xsai/shared": "~0.5.0-beta.2", "@xsai/shared-stream": "~0.5.0-beta.2" } }, "sha512-C5sChW4PvCuMFjbZZ/mry+CBvJu6mQaIbivO39pMBl/MAZIq2kNMFygOugKEwitp8qBJ6iGkcpH0ek5OKjROuA=="],

    "@xsai/tool": ["@xsai/tool@0.5.0-beta.2", "", { "dependencies": { "@xsai/shared": "~0.5.0-beta.2", "@xsai/shared-chat": "~0.5.0-beta.2", "xsschema": "~0.5.0-beta.2" } }, "sha512-M/4vx25FoXjiBiCp+cVXOpwKd7yMBL4R6rgVzKL2YmNVEWqLrREUPn/I2YNp9SyHKsELsk3LTS0IiXOvwXGuuA=="],

    "@xsai/utils-chat": ["@xsai/utils-chat@0.5.0-beta.2", "", { "dependencies": { "@xsai/shared-chat": "~0.5.0-beta.2" } }, "sha512-WSjoxY0w+3oRSZQkAWHdhOuidRlaYJR3y6bvELmJje6lCh86a4PQtMIPwJIoTmtuVY13ZgGvvKqoQz/0xS32LA=="],

    "@xsai/utils-reasoning": ["@xsai/utils-reasoning@0.5.0-beta.2", "", {}, "sha512-ZeysvIhmJvYKYdPj/DGK2HzaDyFzPhnQy5tLsteuqDu+erLn9Uq13Kn4vn0h+bfBfF03QC1tkLuHXB2jamITNQ=="],

    "@xsai/utils-stream": ["@xsai/utils-stream@0.5.0-beta.2", "", {}, "sha512-BHkpjDKcbP06ollhuiK1J6LGsjszs35aXzu707stsGzbuaVdSoWJY0zDHSwpQfKZTIiqu9VsfLC6CokQXOtT3A=="],

    "boolbase": ["boolbase@1.0.0", "", {}, "sha512-JZOSA7Mo9sNGB8+UjSgzdLtokWAky1zbztM3WRLCbZ70/3cTANmQmOdR7y2g+J0e2WXywy1yS468tY+IruqEww=="],

    "bun-types": ["bun-types@1.3.12", "", { "dependencies": { "@types/node": "*" } }, "sha512-HqOLj5PoFajAQciOMRiIZGNoKxDJSr6qigAttOX40vJuSp6DN/CxWp9s3C1Xwm4oH7ybueITwiaOcWXoYVoRkA=="],

    "cheerio": ["cheerio@1.2.0", "", { "dependencies": { "cheerio-select": "^2.1.0", "dom-serializer": "^2.0.0", "domhandler": "^5.0.3", "domutils": "^3.2.2", "encoding-sniffer": "^0.2.1", "htmlparser2": "^10.1.0", "parse5": "^7.3.0", "parse5-htmlparser2-tree-adapter": "^7.1.0", "parse5-parser-stream": "^7.1.2", "undici": "^7.19.0", "whatwg-mimetype": "^4.0.0" } }, "sha512-WDrybc/gKFpTYQutKIK6UvfcuxijIZfMfXaYm8NMsPQxSYvf+13fXUJ4rztGGbJcBQ/GF55gvrZ0Bc0bj/mqvg=="],

    "cheerio-select": ["cheerio-select@2.1.0", "", { "dependencies": { "boolbase": "^1.0.0", "css-select": "^5.1.0", "css-what": "^6.1.0", "domelementtype": "^2.3.0", "domhandler": "^5.0.3", "domutils": "^3.0.1" } }, "sha512-9v9kG0LvzrlcungtnJtpGNxY+fzECQKhK4EGJX2vByejiMX84MFNQw4UxPJl3bFbTMw+Dfs37XaIkCwTZfLh4g=="],

    "commander": ["commander@14.0.3", "", {}, "sha512-H+y0Jo/T1RZ9qPP4Eh1pkcQcLRglraJaSLoyOtHxu6AapkjWVCy2Sit1QQ4x3Dng8qDlSsZEet7g5Pq06MvTgw=="],

    "css-select": ["css-select@5.2.2", "", { "dependencies": { "boolbase": "^1.0.0", "css-what": "^6.1.0", "domhandler": "^5.0.2", "domutils": "^3.0.1", "nth-check": "^2.0.1" } }, "sha512-TizTzUddG/xYLA3NXodFM0fSbNizXjOKhqiQQwvhlspadZokn1KDy0NZFS0wuEubIYAV5/c1/lAr0TaaFXEXzw=="],

    "css-what": ["css-what@6.2.2", "", {}, "sha512-u/O3vwbptzhMs3L1fQE82ZSLHQQfto5gyZzwteVIEyeaY5Fc7R4dapF/BvRoSYFeqfBk4m0V1Vafq5Pjv25wvA=="],

    "dom-serializer": ["dom-serializer@2.0.0", "", { "dependencies": { "domelementtype": "^2.3.0", "domhandler": "^5.0.2", "entities": "^4.2.0" } }, "sha512-wIkAryiqt/nV5EQKqQpo3SToSOV9J0DnbJqwK7Wv/Trc92zIAYZ4FlMu+JPFW1DfGFt81ZTCGgDEabffXeLyJg=="],

    "domelementtype": ["domelementtype@2.3.0", "", {}, "sha512-OLETBj6w0OsagBwdXnPdN0cnMfF9opN69co+7ZrbfPGrdpPVNBUj02spi6B1N7wChLQiPn4CSH/zJvXw56gmHw=="],

    "domhandler": ["domhandler@5.0.3", "", { "dependencies": { "domelementtype": "^2.3.0" } }, "sha512-cgwlv/1iFQiFnU96XXgROh8xTeetsnJiDsTc7TYCLFd9+/WNkIqPTxiM/8pSd8VIrhXGTf1Ny1q1hquVqDJB5w=="],

    "domutils": ["domutils@3.2.2", "", { "dependencies": { "dom-serializer": "^2.0.0", "domelementtype": "^2.3.0", "domhandler": "^5.0.3" } }, "sha512-6kZKyUajlDuqlHKVX1w7gyslj9MPIXzIFiz/rGu35uC1wMi+kMhQwGhl4lt9unC9Vb9INnY9Z3/ZA3+FhASLaw=="],

    "dotenv": ["dotenv@16.6.1", "", {}, "sha512-uBq4egWHTcTt33a72vpSG0z3HnPuIl6NqYcTrKEg2azoEyl2hpW0zqlxysq2pK9HlDIHyHyakeYaYnSAwd8bow=="],

    "encoding-sniffer": ["encoding-sniffer@0.2.1", "", { "dependencies": { "iconv-lite": "^0.6.3", "whatwg-encoding": "^3.1.1" } }, "sha512-5gvq20T6vfpekVtqrYQsSCFZ1wEg5+wW0/QaZMWkFr6BqD3NfKs0rLCx4rrVlSWJeZb5NBJgVLswK/w2MWU+Gw=="],

    "entities": ["entities@4.5.0", "", {}, "sha512-V0hjH4dGPh9Ao5p0MoRY6BVqtwCjhz6vI5LT8AJ55H+4g9/4vbHx1I54fS0XuclLhDHArPQCiMjDxjaL8fPxhw=="],

    "happy-dom": ["happy-dom@14.12.3", "", { "dependencies": { "entities": "^4.5.0", "webidl-conversions": "^7.0.0", "whatwg-mimetype": "^3.0.0" } }, "sha512-vsYlEs3E9gLwA1Hp+w3qzu+RUDFf4VTT8cyKqVICoZ2k7WM++Qyd2LwzyTi5bqMJFiIC/vNpTDYuxdreENRK/g=="],

    "htmlparser2": ["htmlparser2@10.1.0", "", { "dependencies": { "domelementtype": "^2.3.0", "domhandler": "^5.0.3", "domutils": "^3.2.2", "entities": "^7.0.1" } }, "sha512-VTZkM9GWRAtEpveh7MSF6SjjrpNVNNVJfFup7xTY3UpFtm67foy9HDVXneLtFVt4pMz5kZtgNcvCniNFb1hlEQ=="],

    "iconv-lite": ["iconv-lite@0.6.3", "", { "dependencies": { "safer-buffer": ">= 2.1.2 < 3.0.0" } }, "sha512-4fCk79wshMdzMp2rH06qWrJE4iolqLhCUH+OiuIgU++RB0+94NlDL81atO7GX55uUKueo0txHNtvEyI6D7WdMw=="],

    "nth-check": ["nth-check@2.1.1", "", { "dependencies": { "boolbase": "^1.0.0" } }, "sha512-lqjrjmaOoAnWfMmBPL+XNnynZh2+swxiX3WUE0s4yEHI6m+AwrK2UZOimIRl3X/4QctVqS8AiZjFqyOGrMXb/w=="],

    "parse5": ["parse5@7.3.0", "", { "dependencies": { "entities": "^6.0.0" } }, "sha512-IInvU7fabl34qmi9gY8XOVxhYyMyuH2xUNpb2q8/Y+7552KlejkRvqvD19nMoUW/uQGGbqNpA6Tufu5FL5BZgw=="],

    "parse5-htmlparser2-tree-adapter": ["parse5-htmlparser2-tree-adapter@7.1.0", "", { "dependencies": { "domhandler": "^5.0.3", "parse5": "^7.0.0" } }, "sha512-ruw5xyKs6lrpo9x9rCZqZZnIUntICjQAd0Wsmp396Ul9lN/h+ifgVV1x1gZHi8euej6wTfpqX8j+BFQxF0NS/g=="],

    "parse5-parser-stream": ["parse5-parser-stream@7.1.2", "", { "dependencies": { "parse5": "^7.0.0" } }, "sha512-JyeQc9iwFLn5TbvvqACIF/VXG6abODeB3Fwmv/TGdLk2LfbWkaySGY72at4+Ty7EkPZj854u4CrICqNk2qIbow=="],

    "safer-buffer": ["safer-buffer@2.1.2", "", {}, "sha512-YZo3K82SD7Riyi0E1EQPojLz7kpepnSQI9IyPbHHg1XXXevb5dJI7tpyN2ADxGcQbHG7vcyRHk0cbwqcQriUtg=="],

    "typescript": ["typescript@5.9.3", "", { "bin": { "tsc": "bin/tsc", "tsserver": "bin/tsserver" } }, "sha512-jl1vZzPDinLr9eUt3J/t7V6FgNEw9QjvBPdysz9KfQDD41fQrC2Y4vKQdiaUpFT4bXlb1RHhLpp8wtm6M5TgSw=="],

    "undici": ["undici@7.25.0", "", {}, "sha512-xXnp4kTyor2Zq+J1FfPI6Eq3ew5h6Vl0F/8d9XU5zZQf1tX9s2Su1/3PiMmUANFULpmksxkClamIZcaUqryHsQ=="],

    "undici-types": ["undici-types@6.21.0", "", {}, "sha512-iwDZqg0QAGrg9Rav5H4n0M64c3mkR59cJ6wQp+7C4nI0gsmExaedaYLNO44eT4AtBBwjbTiGPMlt2Md0T9H9JQ=="],

    "webidl-conversions": ["webidl-conversions@7.0.0", "", {}, "sha512-VwddBukDzu71offAQR975unBIGqfKZpM+8ZX6ySk8nYhVoo5CYaZyzt3YBvYtRtO+aoGlqxPg/B87NGVZ/fu6g=="],

    "whatwg-encoding": ["whatwg-encoding@3.1.1", "", { "dependencies": { "iconv-lite": "0.6.3" } }, "sha512-6qN4hJdMwfYBtE3YBTTHhoeuUrDBPZmbQaxWAqSALV/MeEnR5z1xd8UKud2RAkFoPkmB+hli1TZSnyi84xz1vQ=="],

    "whatwg-mimetype": ["whatwg-mimetype@3.0.0", "", {}, "sha512-nt+N2dzIutVRxARx1nghPKGv1xHikU7HKdfafKkLNLindmPU/ch3U31NOCGGA/dmPcmb1VlofO0vnKAcsm0o/Q=="],

    "xsai": ["xsai@0.5.0-beta.2", "", { "dependencies": { "@xsai/embed": "~0.5.0-beta.2", "@xsai/generate-image": "~0.5.0-beta.2", "@xsai/generate-object": "~0.5.0-beta.2", "@xsai/generate-speech": "~0.5.0-beta.2", "@xsai/generate-text": "~0.5.0-beta.2", "@xsai/generate-transcription": "~0.5.0-beta.2", "@xsai/model": "~0.5.0-beta.2", "@xsai/shared": "~0.5.0-beta.2", "@xsai/shared-chat": "~0.5.0-beta.2", "@xsai/shared-stream": "~0.5.0-beta.2", "@xsai/stream-object": "~0.5.0-beta.2", "@xsai/stream-text": "~0.5.0-beta.2", "@xsai/stream-transcription": "~0.5.0-beta.2", "@xsai/tool": "~0.5.0-beta.2", "@xsai/utils-chat": "~0.5.0-beta.2", "@xsai/utils-reasoning": "~0.5.0-beta.2", "@xsai/utils-stream": "~0.5.0-beta.2" } }, "sha512-BDeynzTRscTsUjuY7+dub5Jt9Lf3n9zq+mkIiATKqC/UAolphQOxHb0jANave4X48XjL6Uxv5ipXo0TXtEJF2A=="],

    "xsschema": ["xsschema@0.5.0-beta.2", "", { "peerDependencies": { "@valibot/to-json-schema": "^1.0.0", "arktype": "^2.1.20", "effect": "^3.16.0", "sury": "^10.0.0 || ^11.0.0-alpha", "zod": "^3.25.0 || ^4.0.0", "zod-to-json-schema": "^3.25.0" }, "optionalPeers": ["@valibot/to-json-schema", "arktype", "effect", "sury", "zod", "zod-to-json-schema"] }, "sha512-zUtk3Ro6Gn39zn7fJRImwmLJmSOpao09dUxdLVyofr+RzfxEEdtm7UVJPe4lUGTJxUCzNptpRp549yD9uKWiug=="],

    "cheerio/whatwg-mimetype": ["whatwg-mimetype@4.0.0", "", {}, "sha512-QaKxh0eNIi2mE9p2vEdzfagOKHCcj1pJ56EEHGQOVxp8r9/iszLUUV7v89x9O1p/T+NlTM5W7jW6+cz4Fq1YVg=="],

    "htmlparser2/entities": ["entities@7.0.1", "", {}, "sha512-TWrgLOFUQTH994YUyl1yT4uyavY5nNB5muff+RtWaqNVCAK408b5ZnnbNAUEWLTCpum9w6arT70i1XdQ4UeOPA=="],

    "parse5/entities": ["entities@6.0.1", "", {}, "sha512-aN97NXWF6AWBTahfVOIrB/NShkzi5H7F9r1s9mD3cDj4Ko5f2qhhVoYMibXF7GlLveb/D2ioWay8lxI97Ven3g=="],
  }
}
