{
    "name": "nyaa-sia",
    "version": "3.0.0",
    "lockfileVersion": 3,
    "requires": true,
    "packages": {
        "": {
            "name": "nyaa-sia",
            "version": "3.0.0",
            "license": "MIT",
            "dependencies": {
                "@types/bun": "^1.3.12",
                "@xsai/generate-text": "^0.5.0-beta.2",
                "cheerio": "^1.0.0-rc.12",
                "commander": "^14.0.3",
                "dotenv": "^16.4.0",
                "rqbit-napi": "^1.0.2",
                "xsai": "^0.5.0-beta.2"
            },
            "devDependencies": {
                "@types/node": "^20.14.0",
                "happy-dom": "^14.12.0",
                "typescript": "^5.5.0"
            }
        },
        "node_modules/@oven/bun-darwin-aarch64": {
            "version": "1.3.13",
            "resolved": "https://registry.npmjs.org/@oven/bun-darwin-aarch64/-/bun-darwin-aarch64-1.3.13.tgz",
            "integrity": "sha512-qAS6Hg8Q14ckfBuqJ2Zh7gBQSVSUHeibSq4OFqBTv6DzyJuxYlr0sdYQzmYmnbPxbqobekqUDTa/4XEaqRi7vg==",
            "cpu": [
                "arm64"
            ],
            "license": "MIT",
            "optional": true,
            "os": [
                "darwin"
            ],
            "peer": true
        },
        "node_modules/@oven/bun-darwin-x64": {
            "version": "1.3.13",
            "resolved": "https://registry.npmjs.org/@oven/bun-darwin-x64/-/bun-darwin-x64-1.3.13.tgz",
            "integrity": "sha512-kGePeDD4IN4imo+H4uLjQGZLmvyYQg+nKr2P0nt4ksXXrWA4HE+mb0/TUPHfRI127DocXQpew+fvrHuHR5mpJQ==",
            "cpu": [
                "x64"
            ],
            "license": "MIT",
            "optional": true,
            "os": [
                "darwin"
            ],
            "peer": true
        },
        "node_modules/@oven/bun-darwin-x64-baseline": {
            "version": "1.3.13",
            "resolved": "https://registry.npmjs.org/@oven/bun-darwin-x64-baseline/-/bun-darwin-x64-baseline-1.3.13.tgz",
            "integrity": "sha512-gMEQayUpmCPYaE9zkNBj9TiQqHupnhjOYcuSzxFjzIjHJBUO4VjNnrpbKVeXNs+rKHFothORDd2QKquu5paSPQ==",
            "cpu": [
                "x64"
            ],
            "license": "MIT",
            "optional": true,
            "os": [
                "darwin"
            ],
            "peer": true
        },
        "node_modules/@oven/bun-linux-aarch64": {
            "version": "1.3.13",
            "resolved": "https://registry.npmjs.org/@oven/bun-linux-aarch64/-/bun-linux-aarch64-1.3.13.tgz",
            "integrity": "sha512-NbLOJdr+RBFO1vFZ2YUFg4oVJ+2ua6zrwo4ZWRs0jKKcGJWtbY2wY5uz+i0PkwH6b9HYaYDgVTzE4ev06ncYZw==",
            "cpu": [
                "arm64"
            ],
            "license": "MIT",
            "optional": true,
            "os": [
                "linux"
            ],
            "peer": true
        },
        "node_modules/@oven/bun-linux-aarch64-musl": {
            "version": "1.3.13",
            "resolved": "https://registry.npmjs.org/@oven/bun-linux-aarch64-musl/-/bun-linux-aarch64-musl-1.3.13.tgz",
            "integrity": "sha512-UV9EE18VE5aRhWtV2L6MTAGGn3slhJJ2OW/m+FJM15maHm0qf1V7TaZY0FovxhdQRvnklSiQ7Ntv0H5TUX4w0g==",
            "cpu": [
                "arm64"
            ],
            "license": "MIT",
            "optional": true,
            "os": [
                "linux"
            ],
            "peer": true
        },
        "node_modules/@oven/bun-linux-x64": {
            "version": "1.3.13",
            "resolved": "https://registry.npmjs.org/@oven/bun-linux-x64/-/bun-linux-x64-1.3.13.tgz",
            "integrity": "sha512-UwttIUXoe9fS+40OcjoaRHgZw+HCPFqBVWEXkXqAJ3W7wA0XPZrWsoMAD9sGh3TaLqrwdiMo5xPogwpXhOtVXA==",
            "cpu": [
                "x64"
            ],
            "license": "MIT",
            "optional": true,
            "os": [
                "linux"
            ],
            "peer": true
        },
        "node_modules/@oven/bun-linux-x64-baseline": {
            "version": "1.3.13",
            "resolved": "https://registry.npmjs.org/@oven/bun-linux-x64-baseline/-/bun-linux-x64-baseline-1.3.13.tgz",
            "integrity": "sha512-fOi4ziKzgJG4UrrNd4AicBs6Fu9GY5xOqg+9tC76nuZNDAdSh6++kzab6TNi1Ck0Yzq6zIBIdGit6/0uSbBn8A==",
            "cpu": [
                "x64"
            ],
            "license": "MIT",
            "optional": true,
            "os": [
                "linux"
            ],
            "peer": true
        },
        "node_modules/@oven/bun-linux-x64-musl": {
            "version": "1.3.13",
            "resolved": "https://registry.npmjs.org/@oven/bun-linux-x64-musl/-/bun-linux-x64-musl-1.3.13.tgz",
            "integrity": "sha512-+VHhE44kEjCXcTFHyc81zfTxL9+vzh9RqIh7gM1iWNhxpctD9kzntbUkP3UTFTwwNjoou1o8VRyxQafvc4OepA==",
            "cpu": [
                "x64"
            ],
            "license": "MIT",
            "optional": true,
            "os": [
                "linux"
            ],
            "peer": true
        },
        "node_modules/@oven/bun-linux-x64-musl-baseline": {
            "version": "1.3.13",
            "resolved": "https://registry.npmjs.org/@oven/bun-linux-x64-musl-baseline/-/bun-linux-x64-musl-baseline-1.3.13.tgz",
            "integrity": "sha512-fqBKuiiWLEu2dVkowZaXgKS98xfrvBqivdoxRtRP3eINcpI1dcelGbsOz+Xphn7tbGAuBiE1/0AelvvvdqS9rg==",
            "cpu": [
                "x64"
            ],
            "license": "MIT",
            "optional": true,
            "os": [
                "linux"
            ],
            "peer": true
        },
        "node_modules/@oven/bun-windows-aarch64": {
            "version": "1.3.13",
            "resolved": "https://registry.npmjs.org/@oven/bun-windows-aarch64/-/bun-windows-aarch64-1.3.13.tgz",
            "integrity": "sha512-+EvdRWRCRg95Xea4M2lqSJFTjzQBTJDQTMlbG8bmwFkVTN16MdmSH7xhfxVQWUOyZBLEpIwuNFIlBBxVCwSUyQ==",
            "cpu": [
                "arm64"
            ],
            "license": "MIT",
            "optional": true,
            "os": [
                "win32"
            ],
            "peer": true
        },
        "node_modules/@oven/bun-windows-x64": {
            "version": "1.3.13",
            "resolved": "https://registry.npmjs.org/@oven/bun-windows-x64/-/bun-windows-x64-1.3.13.tgz",
            "integrity": "sha512-vqDEFX63ZZQF3YstPSpPD+RxNm5AILPdUuuKpNwsj7ld4NjhdHUYkAmLXDtKNWt9JMRL10bop//W8faY/LV+RQ==",
            "cpu": [
                "x64"
            ],
            "license": "MIT",
            "optional": true,
            "os": [
                "win32"
            ],
            "peer": true
        },
        "node_modules/@oven/bun-windows-x64-baseline": {
            "version": "1.3.13",
            "resolved": "https://registry.npmjs.org/@oven/bun-windows-x64-baseline/-/bun-windows-x64-baseline-1.3.13.tgz",
            "integrity": "sha512-6gy4hhQSjq/T/S9hC9m3NxY0RY+9Ww+XNlB+8koIMTsMSYEjk7Ho+hFHQz1Bn4W61Ub7Vykufg+jgDgPfa2GFA==",
            "cpu": [
                "x64"
            ],
            "license": "MIT",
            "optional": true,
            "os": [
                "win32"
            ],
            "peer": true
        },
        "node_modules/@types/bun": {
            "version": "1.3.12",
            "license": "MIT",
            "dependencies": {
                "bun-types": "1.3.12"
            }
        },
        "node_modules/@types/node": {
            "version": "20.19.39",
            "license": "MIT",
            "dependencies": {
                "undici-types": "~6.21.0"
            }
        },
        "node_modules/@xsai/embed": {
            "version": "0.5.0-beta.2",
            "license": "MIT",
            "dependencies": {
                "@xsai/shared": "~0.5.0-beta.2"
            }
        },
        "node_modules/@xsai/generate-image": {
            "version": "0.5.0-beta.2",
            "license": "MIT",
            "dependencies": {
                "@xsai/shared": "~0.5.0-beta.2"
            }
        },
        "node_modules/@xsai/generate-object": {
            "version": "0.5.0-beta.2",
            "license": "MIT",
            "dependencies": {
                "@xsai/generate-text": "~0.5.0-beta.2",
                "xsschema": "~0.5.0-beta.2"
            }
        },
        "node_modules/@xsai/generate-speech": {
            "version": "0.5.0-beta.2",
            "license": "MIT",
            "dependencies": {
                "@xsai/shared": "~0.5.0-beta.2"
            }
        },
        "node_modules/@xsai/generate-text": {
            "version": "0.5.0-beta.2",
            "license": "MIT",
            "dependencies": {
                "@xsai/shared": "~0.5.0-beta.2",
                "@xsai/shared-chat": "~0.5.0-beta.2"
            }
        },
        "node_modules/@xsai/generate-transcription": {
            "version": "0.5.0-beta.2",
            "license": "MIT",
            "dependencies": {
                "@xsai/shared": "~0.5.0-beta.2"
            }
        },
        "node_modules/@xsai/model": {
            "version": "0.5.0-beta.2",
            "license": "MIT",
            "dependencies": {
                "@xsai/shared": "~0.5.0-beta.2"
            }
        },
        "node_modules/@xsai/shared": {
            "version": "0.5.0-beta.2",
            "license": "MIT"
        },
        "node_modules/@xsai/shared-chat": {
            "version": "0.5.0-beta.2",
            "license": "MIT",
            "dependencies": {
                "@xsai/shared": "~0.5.0-beta.2"
            }
        },
        "node_modules/@xsai/shared-stream": {
            "version": "0.5.0-beta.2",
            "license": "MIT",
            "dependencies": {
                "@xsai/shared": "~0.5.0-beta.2"
            }
        },
        "node_modules/@xsai/stream-object": {
            "version": "0.5.0-beta.2",
            "license": "MIT",
            "dependencies": {
                "@xsai/stream-text": "~0.5.0-beta.2",
                "xsschema": "~0.5.0-beta.2"
            }
        },
        "node_modules/@xsai/stream-text": {
            "version": "0.5.0-beta.2",
            "license": "MIT",
            "dependencies": {
                "@xsai/shared": "~0.5.0-beta.2",
                "@xsai/shared-chat": "~0.5.0-beta.2",
                "@xsai/shared-stream": "~0.5.0-beta.2"
            }
        },
        "node_modules/@xsai/stream-transcription": {
            "version": "0.5.0-beta.2",
            "license": "MIT",
            "dependencies": {
                "@xsai/shared": "~0.5.0-beta.2",
                "@xsai/shared-stream": "~0.5.0-beta.2"
            }
        },
        "node_modules/@xsai/tool": {
            "version": "0.5.0-beta.2",
            "license": "MIT",
            "dependencies": {
                "@xsai/shared": "~0.5.0-beta.2",
                "@xsai/shared-chat": "~0.5.0-beta.2",
                "xsschema": "~0.5.0-beta.2"
            }
        },
        "node_modules/@xsai/utils-chat": {
            "version": "0.5.0-beta.2",
            "license": "MIT",
            "dependencies": {
                "@xsai/shared-chat": "~0.5.0-beta.2"
            }
        },
        "node_modules/@xsai/utils-reasoning": {
            "version": "0.5.0-beta.2",
            "license": "MIT"
        },
        "node_modules/@xsai/utils-stream": {
            "version": "0.5.0-beta.2",
            "license": "MIT"
        },
        "node_modules/boolbase": {
            "version": "1.0.0",
            "license": "ISC"
        },
        "node_modules/bun": {
            "version": "1.3.13",
            "resolved": "https://registry.npmjs.org/bun/-/bun-1.3.13.tgz",
            "integrity": "sha512-b9T4xZ8KqCHs4+TkHJv540LG1B8OD7noKu0Qaizusx3jFtMDHY6osNqgbaOlwW2B8RB2AKzz+sjzlGKIGxIjZw==",
            "cpu": [
                "arm64",
                "x64"
            ],
            "hasInstallScript": true,
            "license": "MIT",
            "os": [
                "darwin",
                "linux",
                "win32"
            ],
            "peer": true,
            "bin": {
                "bun": "bin/bun.exe",
                "bunx": "bin/bunx.exe"
            },
            "optionalDependencies": {
                "@oven/bun-darwin-aarch64": "1.3.13",
                "@oven/bun-darwin-x64": "1.3.13",
                "@oven/bun-darwin-x64-baseline": "1.3.13",
                "@oven/bun-linux-aarch64": "1.3.13",
                "@oven/bun-linux-aarch64-musl": "1.3.13",
                "@oven/bun-linux-x64": "1.3.13",
                "@oven/bun-linux-x64-baseline": "1.3.13",
                "@oven/bun-linux-x64-musl": "1.3.13",
                "@oven/bun-linux-x64-musl-baseline": "1.3.13",
                "@oven/bun-windows-aarch64": "1.3.13",
                "@oven/bun-windows-x64": "1.3.13",
                "@oven/bun-windows-x64-baseline": "1.3.13"
            }
        },
        "node_modules/bun-types": {
            "version": "1.3.12",
            "license": "MIT",
            "dependencies": {
                "@types/node": "*"
            }
        },
        "node_modules/cheerio": {
            "version": "1.2.0",
            "license": "MIT",
            "dependencies": {
                "cheerio-select": "^2.1.0",
                "dom-serializer": "^2.0.0",
                "domhandler": "^5.0.3",
                "domutils": "^3.2.2",
                "encoding-sniffer": "^0.2.1",
                "htmlparser2": "^10.1.0",
                "parse5": "^7.3.0",
                "parse5-htmlparser2-tree-adapter": "^7.1.0",
                "parse5-parser-stream": "^7.1.2",
                "undici": "^7.19.0",
                "whatwg-mimetype": "^4.0.0"
            },
            "engines": {
                "node": ">=20.18.1"
            },
            "funding": {
                "url": "https://github.com/cheeriojs/cheerio?sponsor=1"
            }
        },
        "node_modules/cheerio-select": {
            "version": "2.1.0",
            "license": "BSD-2-Clause",
            "dependencies": {
                "boolbase": "^1.0.0",
                "css-select": "^5.1.0",
                "css-what": "^6.1.0",
                "domelementtype": "^2.3.0",
                "domhandler": "^5.0.3",
                "domutils": "^3.0.1"
            },
            "funding": {
                "url": "https://github.com/sponsors/fb55"
            }
        },
        "node_modules/cheerio/node_modules/whatwg-mimetype": {
            "version": "4.0.0",
            "license": "MIT",
            "engines": {
                "node": ">=18"
            }
        },
        "node_modules/commander": {
            "version": "14.0.3",
            "license": "MIT",
            "engines": {
                "node": ">=20"
            }
        },
        "node_modules/css-select": {
            "version": "5.2.2",
            "license": "BSD-2-Clause",
            "dependencies": {
                "boolbase": "^1.0.0",
                "css-what": "^6.1.0",
                "domhandler": "^5.0.2",
                "domutils": "^3.0.1",
                "nth-check": "^2.0.1"
            },
            "funding": {
                "url": "https://github.com/sponsors/fb55"
            }
        },
        "node_modules/css-what": {
            "version": "6.2.2",
            "license": "BSD-2-Clause",
            "engines": {
                "node": ">= 6"
            },
            "funding": {
                "url": "https://github.com/sponsors/fb55"
            }
        },
        "node_modules/dom-serializer": {
            "version": "2.0.0",
            "license": "MIT",
            "dependencies": {
                "domelementtype": "^2.3.0",
                "domhandler": "^5.0.2",
                "entities": "^4.2.0"
            },
            "funding": {
                "url": "https://github.com/cheeriojs/dom-serializer?sponsor=1"
            }
        },
        "node_modules/domelementtype": {
            "version": "2.3.0",
            "funding": [
                {
                    "type": "github",
                    "url": "https://github.com/sponsors/fb55"
                }
            ],
            "license": "BSD-2-Clause"
        },
        "node_modules/domhandler": {
            "version": "5.0.3",
            "license": "BSD-2-Clause",
            "dependencies": {
                "domelementtype": "^2.3.0"
            },
            "engines": {
                "node": ">= 4"
            },
            "funding": {
                "url": "https://github.com/fb55/domhandler?sponsor=1"
            }
        },
        "node_modules/domutils": {
            "version": "3.2.2",
            "license": "BSD-2-Clause",
            "dependencies": {
                "dom-serializer": "^2.0.0",
                "domelementtype": "^2.3.0",
                "domhandler": "^5.0.3"
            },
            "funding": {
                "url": "https://github.com/fb55/domutils?sponsor=1"
            }
        },
        "node_modules/dotenv": {
            "version": "16.6.1",
            "license": "BSD-2-Clause",
            "engines": {
                "node": ">=12"
            },
            "funding": {
                "url": "https://dotenvx.com"
            }
        },
        "node_modules/encoding-sniffer": {
            "version": "0.2.1",
            "license": "MIT",
            "dependencies": {
                "iconv-lite": "^0.6.3",
                "whatwg-encoding": "^3.1.1"
            },
            "funding": {
                "url": "https://github.com/fb55/encoding-sniffer?sponsor=1"
            }
        },
        "node_modules/entities": {
            "version": "4.5.0",
            "license": "BSD-2-Clause",
            "engines": {
                "node": ">=0.12"
            },
            "funding": {
                "url": "https://github.com/fb55/entities?sponsor=1"
            }
        },
        "node_modules/happy-dom": {
            "version": "14.12.3",
            "dev": true,
            "license": "MIT",
            "dependencies": {
                "entities": "^4.5.0",
                "webidl-conversions": "^7.0.0",
                "whatwg-mimetype": "^3.0.0"
            },
            "engines": {
                "node": ">=16.0.0"
            }
        },
        "node_modules/happy-dom/node_modules/whatwg-mimetype": {
            "version": "3.0.0",
            "dev": true,
            "license": "MIT",
            "engines": {
                "node": ">=12"
            }
        },
        "node_modules/htmlparser2": {
            "version": "10.1.0",
            "funding": [
                "https://github.com/fb55/htmlparser2?sponsor=1",
                {
                    "type": "github",
                    "url": "https://github.com/sponsors/fb55"
                }
            ],
            "license": "MIT",
            "dependencies": {
                "domelementtype": "^2.3.0",
                "domhandler": "^5.0.3",
                "domutils": "^3.2.2",
                "entities": "^7.0.1"
            }
        },
        "node_modules/htmlparser2/node_modules/entities": {
            "version": "7.0.1",
            "license": "BSD-2-Clause",
            "engines": {
                "node": ">=0.12"
            },
            "funding": {
                "url": "https://github.com/fb55/entities?sponsor=1"
            }
        },
        "node_modules/iconv-lite": {
            "version": "0.6.3",
            "license": "MIT",
            "dependencies": {
                "safer-buffer": ">= 2.1.2 < 3.0.0"
            },
            "engines": {
                "node": ">=0.10.0"
            }
        },
        "node_modules/nth-check": {
            "version": "2.1.1",
            "license": "BSD-2-Clause",
            "dependencies": {
                "boolbase": "^1.0.0"
            },
            "funding": {
                "url": "https://github.com/fb55/nth-check?sponsor=1"
            }
        },
        "node_modules/parse5": {
            "version": "7.3.0",
            "license": "MIT",
            "dependencies": {
                "entities": "^6.0.0"
            },
            "funding": {
                "url": "https://github.com/inikulin/parse5?sponsor=1"
            }
        },
        "node_modules/parse5-htmlparser2-tree-adapter": {
            "version": "7.1.0",
            "license": "MIT",
            "dependencies": {
                "domhandler": "^5.0.3",
                "parse5": "^7.0.0"
            },
            "funding": {
                "url": "https://github.com/inikulin/parse5?sponsor=1"
            }
        },
        "node_modules/parse5-parser-stream": {
            "version": "7.1.2",
            "license": "MIT",
            "dependencies": {
                "parse5": "^7.0.0"
            },
            "funding": {
                "url": "https://github.com/inikulin/parse5?sponsor=1"
            }
        },
        "node_modules/parse5/node_modules/entities": {
            "version": "6.0.1",
            "license": "BSD-2-Clause",
            "engines": {
                "node": ">=0.12"
            },
            "funding": {
                "url": "https://github.com/fb55/entities?sponsor=1"
            }
        },
        "node_modules/rqbit-napi": {
            "version": "1.0.2",
            "resolved": "https://registry.npmjs.org/rqbit-napi/-/rqbit-napi-1.0.2.tgz",
            "integrity": "sha512-fylEX/cJTbRCh5w1D2d+mc9fvG3qST4GkYol/5R+vLKFUDhCe7hS7p2kfHOYvAmHC8QwzUlEclBFZXWBRXBAaA==",
            "license": "MIT",
            "dependencies": {
                "commander": "^14.0.3"
            },
            "engines": {
                "bun": ">=1.0.0",
                "node": ">=18.0.0"
            },
            "peerDependencies": {
                "bun": ">=1.0.0"
            }
        },
        "node_modules/safer-buffer": {
            "version": "2.1.2",
            "license": "MIT"
        },
        "node_modules/typescript": {
            "version": "5.9.3",
            "dev": true,
            "license": "Apache-2.0",
            "bin": {
                "tsc": "bin/tsc",
                "tsserver": "bin/tsserver"
            },
            "engines": {
                "node": ">=14.17"
            }
        },
        "node_modules/undici": {
            "version": "7.25.0",
            "license": "MIT",
            "engines": {
                "node": ">=20.18.1"
            }
        },
        "node_modules/undici-types": {
            "version": "6.21.0",
            "license": "MIT"
        },
        "node_modules/webidl-conversions": {
            "version": "7.0.0",
            "dev": true,
            "license": "BSD-2-Clause",
            "engines": {
                "node": ">=12"
            }
        },
        "node_modules/whatwg-encoding": {
            "version": "3.1.1",
            "license": "MIT",
            "dependencies": {
                "iconv-lite": "0.6.3"
            },
            "engines": {
                "node": ">=18"
            }
        },
        "node_modules/xsai": {
            "version": "0.5.0-beta.2",
            "license": "MIT",
            "dependencies": {
                "@xsai/embed": "~0.5.0-beta.2",
                "@xsai/generate-image": "~0.5.0-beta.2",
                "@xsai/generate-object": "~0.5.0-beta.2",
                "@xsai/generate-speech": "~0.5.0-beta.2",
                "@xsai/generate-text": "~0.5.0-beta.2",
                "@xsai/generate-transcription": "~0.5.0-beta.2",
                "@xsai/model": "~0.5.0-beta.2",
                "@xsai/shared": "~0.5.0-beta.2",
                "@xsai/shared-chat": "~0.5.0-beta.2",
                "@xsai/shared-stream": "~0.5.0-beta.2",
                "@xsai/stream-object": "~0.5.0-beta.2",
                "@xsai/stream-text": "~0.5.0-beta.2",
                "@xsai/stream-transcription": "~0.5.0-beta.2",
                "@xsai/tool": "~0.5.0-beta.2",
                "@xsai/utils-chat": "~0.5.0-beta.2",
                "@xsai/utils-reasoning": "~0.5.0-beta.2",
                "@xsai/utils-stream": "~0.5.0-beta.2"
            }
        },
        "node_modules/xsschema": {
            "version": "0.5.0-beta.2",
            "license": "MIT",
            "peerDependencies": {
                "@valibot/to-json-schema": "^1.0.0",
                "arktype": "^2.1.20",
                "effect": "^3.16.0",
                "sury": "^10.0.0 || ^11.0.0-alpha",
                "zod": "^3.25.0 || ^4.0.0",
                "zod-to-json-schema": "^3.25.0"
            },
            "peerDependenciesMeta": {
                "@valibot/to-json-schema": {
                    "optional": true
                },
                "arktype": {
                    "optional": true
                },
                "effect": {
                    "optional": true
                },
                "sury": {
                    "optional": true
                },
                "zod": {
                    "optional": true
                },
                "zod-to-json-schema": {
                    "optional": true
                }
            }
        }
    }
}
